// !$*UTF8*$!
{
	archiveVersion = 1;
	classes = {
	};
	objectVersion = 46;
	objects = {

/* Begin PBXBuildFile section */
		83F367934D37B564292F273E /* Pods_Progress.framework in Frameworks */ = {isa = PBXBuildFile; fileRef = D734F5602EC2946595168D6A /* Pods_Progress.framework */; };
		962357EF1C5AECF600815811 /* HealthManager.swift in Sources */ = {isa = PBXBuildFile; fileRef = 962357EE1C5AECF600815811 /* HealthManager.swift */; };
		9670369C1C5AF8EC00727888 /* WeightModel.swift in Sources */ = {isa = PBXBuildFile; fileRef = 9670369B1C5AF8EC00727888 /* WeightModel.swift */; };
		969B226C1C599A1000F5F471 /* AppDelegate.swift in Sources */ = {isa = PBXBuildFile; fileRef = 969B226B1C599A1000F5F471 /* AppDelegate.swift */; };
		969B226E1C599A1000F5F471 /* ViewController.swift in Sources */ = {isa = PBXBuildFile; fileRef = 969B226D1C599A1000F5F471 /* ViewController.swift */; };
		969B22711C599A1000F5F471 /* Main.storyboard in Resources */ = {isa = PBXBuildFile; fileRef = 969B226F1C599A1000F5F471 /* Main.storyboard */; };
		969B22731C599A1000F5F471 /* Assets.xcassets in Resources */ = {isa = PBXBuildFile; fileRef = 969B22721C599A1000F5F471 /* Assets.xcassets */; };
		969B22761C599A1000F5F471 /* LaunchScreen.storyboard in Resources */ = {isa = PBXBuildFile; fileRef = 969B22741C599A1000F5F471 /* LaunchScreen.storyboard */; };
/* End PBXBuildFile section */

/* Begin PBXFileReference section */
		6B3D2B0DD880D3C177D313B9 /* Pods-Progress.release.xcconfig */ = {isa = PBXFileReference; includeInIndex = 1; lastKnownFileType = text.xcconfig; name = "Pods-Progress.release.xcconfig"; path = "Pods/Target Support Files/Pods-Progress/Pods-Progress.release.xcconfig"; sourceTree = "<group>"; };
		962357EE1C5AECF600815811 /* HealthManager.swift */ = {isa = PBXFileReference; fileEncoding = 4; lastKnownFileType = sourcecode.swift; path = HealthManager.swift; sourceTree = "<group>"; };
		9670369B1C5AF8EC00727888 /* WeightModel.swift */ = {isa = PBXFileReference; fileEncoding = 4; lastKnownFileType = sourcecode.swift; path = WeightModel.swift; sourceTree = "<group>"; };
		9670369D1C5B006700727888 /* Progress-Bridging-Header.h */ = {isa = PBXFileReference; fileEncoding = 4; lastKnownFileType = sourcecode.c.h; path = "Progress-Bridging-Header.h"; sourceTree = "<group>"; };
		969B22681C599A1000F5F471 /* Progress.app */ = {isa = PBXFileReference; explicitFileType = wrapper.application; includeInIndex = 0; path = Progress.app; sourceTree = BUILT_PRODUCTS_DIR; };
		969B226B1C599A1000F5F471 /* AppDelegate.swift */ = {isa = PBXFileReference; lastKnownFileType = sourcecode.swift; path = AppDelegate.swift; sourceTree = "<group>"; };
		969B226D1C599A1000F5F471 /* ViewController.swift */ = {isa = PBXFileReference; lastKnownFileType = sourcecode.swift; path = ViewController.swift; sourceTree = "<group>"; };
		969B22701C599A1000F5F471 /* Base */ = {isa = PBXFileReference; lastKnownFileType = file.storyboard; name = Base; path = Base.lproj/Main.storyboard; sourceTree = "<group>"; };
		969B22721C599A1000F5F471 /* Assets.xcassets */ = {isa = PBXFileReference; lastKnownFileType = folder.assetcatalog; path = Assets.xcassets; sourceTree = "<group>"; };
		969B22751C599A1000F5F471 /* Base */ = {isa = PBXFileReference; lastKnownFileType = file.storyboard; name = Base; path = Base.lproj/LaunchScreen.storyboard; sourceTree = "<group>"; };
		969B22771C599A1000F5F471 /* Info.plist */ = {isa = PBXFileReference; lastKnownFileType = text.plist.xml; path = Info.plist; sourceTree = "<group>"; };
		C0D8FAA5FDEF54713FA54025 /* Pods-Progress.debug.xcconfig */ = {isa = PBXFileReference; includeInIndex = 1; lastKnownFileType = text.xcconfig; name = "Pods-Progress.debug.xcconfig"; path = "Pods/Target Support Files/Pods-Progress/Pods-Progress.debug.xcconfig"; sourceTree = "<group>"; };
		D734F5602EC2946595168D6A /* Pods_Progress.framework */ = {isa = PBXFileReference; explicitFileType = wrapper.framework; includeInIndex = 0; path = Pods_Progress.framework; sourceTree = BUILT_PRODUCTS_DIR; };
/* End PBXFileReference section */

/* Begin PBXFrameworksBuildPhase section */
		969B22651C599A1000F5F471 /* Frameworks */ = {
			isa = PBXFrameworksBuildPhase;
			buildActionMask = 2147483647;
			files = (
				83F367934D37B564292F273E /* Pods_Progress.framework in Frameworks */,
			);
			runOnlyForDeploymentPostprocessing = 0;
		};
/* End PBXFrameworksBuildPhase section */

/* Begin PBXGroup section */
		1F2E6D28DC82F1600A35FBB5 /* Frameworks */ = {
			isa = PBXGroup;
			children = (
				D734F5602EC2946595168D6A /* Pods_Progress.framework */,
			);
			name = Frameworks;
			sourceTree = "<group>";
		};
		7E89610E75F109B2AF2C05A9 /* Pods */ = {
			isa = PBXGroup;
			children = (
				C0D8FAA5FDEF54713FA54025 /* Pods-Progress.debug.xcconfig */,
				6B3D2B0DD880D3C177D313B9 /* Pods-Progress.release.xcconfig */,
			);
			name = Pods;
			sourceTree = "<group>";
		};
		969B225F1C599A1000F5F471 = {
			isa = PBXGroup;
			children = (
				969B226A1C599A1000F5F471 /* Progress */,
				969B22691C599A1000F5F471 /* Products */,
				7E89610E75F109B2AF2C05A9 /* Pods */,
				1F2E6D28DC82F1600A35FBB5 /* Frameworks */,
			);
			sourceTree = "<group>";
		};
		969B22691C599A1000F5F471 /* Products */ = {
			isa = PBXGroup;
			children = (
				969B22681C599A1000F5F471 /* Progress.app */,
			);
			name = Products;
			sourceTree = "<group>";
		};
		969B226A1C599A1000F5F471 /* Progress */ = {
			isa = PBXGroup;
			children = (
				969B226B1C599A1000F5F471 /* AppDelegate.swift */,
				969B226D1C599A1000F5F471 /* ViewController.swift */,
				962357EE1C5AECF600815811 /* HealthManager.swift */,
				9670369B1C5AF8EC00727888 /* WeightModel.swift */,
				969B226F1C599A1000F5F471 /* Main.storyboard */,
				969B22721C599A1000F5F471 /* Assets.xcassets */,
				969B22741C599A1000F5F471 /* LaunchScreen.storyboard */,
				969B22771C599A1000F5F471 /* Info.plist */,
				9670369D1C5B006700727888 /* Progress-Bridging-Header.h */,
			);
			path = Progress;
			sourceTree = "<group>";
		};
/* End PBXGroup section */

/* Begin PBXNativeTarget section */
		969B22671C599A1000F5F471 /* Progress */ = {
			isa = PBXNativeTarget;
			buildConfigurationList = 969B227A1C599A1000F5F471 /* Build configuration list for PBXNativeTarget "Progress" */;
			buildPhases = (
				353581661849B04112B0BEDB /* Check Pods Manifest.lock */,
				969B22641C599A1000F5F471 /* Sources */,
				969B22651C599A1000F5F471 /* Frameworks */,
				969B22661C599A1000F5F471 /* Resources */,
				E6BC1C3D3A267E173B02F330 /* Embed Pods Frameworks */,
				C577C6E5C2F088EE5A3B63FF /* Copy Pods Resources */,
			);
			buildRules = (
			);
			dependencies = (
			);
			name = Progress;
			productName = Progress;
			productReference = 969B22681C599A1000F5F471 /* Progress.app */;
			productType = "com.apple.product-type.application";
		};
/* End PBXNativeTarget section */

/* Begin PBXProject section */
		969B22601C599A1000F5F471 /* Project object */ = {
			isa = PBXProject;
			attributes = {
				LastSwiftUpdateCheck = 0720;
				LastUpgradeCheck = 0720;
				ORGANIZATIONNAME = "Jason Ji";
				TargetAttributes = {
					969B22671C599A1000F5F471 = {
						CreatedOnToolsVersion = 7.2;
						DevelopmentTeam = 2GPQ8GE99T;
					};
				};
			};
			buildConfigurationList = 969B22631C599A1000F5F471 /* Build configuration list for PBXProject "Progress" */;
			compatibilityVersion = "Xcode 3.2";
			developmentRegion = English;
			hasScannedForEncodings = 0;
			knownRegions = (
				en,
				Base,
			);
			mainGroup = 969B225F1C599A1000F5F471;
			productRefGroup = 969B22691C599A1000F5F471 /* Products */;
			projectDirPath = "";
			projectRoot = "";
			targets = (
				969B22671C599A1000F5F471 /* Progress */,
			);
		};
/* End PBXProject section */

/* Begin PBXResourcesBuildPhase section */
		969B22661C599A1000F5F471 /* Resources */ = {
			isa = PBXResourcesBuildPhase;
			buildActionMask = 2147483647;
			files = (
				969B22761C599A1000F5F471 /* LaunchScreen.storyboard in Resources */,
				969B22731C599A1000F5F471 /* Assets.xcassets in Resources */,
				969B22711C599A1000F5F471 /* Main.storyboard in Resources */,
			);
			runOnlyForDeploymentPostprocessing = 0;
		};
/* End PBXResourcesBuildPhase section */

/* Begin PBXShellScriptBuildPhase section */
		353581661849B04112B0BEDB /* Check Pods Manifest.lock */ = {
			isa = PBXShellScriptBuildPhase;
			buildActionMask = 2147483647;
			files = (
			);
			inputPaths = (
			);
			name = "Check Pods Manifest.lock";
			outputPaths = (
			);
			runOnlyForDeploymentPostprocessing = 0;
			shellPath = /bin/sh;
			shellScript = "diff \"${PODS_ROOT}/../Podfile.lock\" \"${PODS_ROOT}/Manifest.lock\" > /dev/null\nif [[ $? != 0 ]] ; then\n    cat << EOM\nerror: The sandbox is not in sync with the Podfile.lock. Run 'pod install' or update your CocoaPods installation.\nEOM\n    exit 1\nfi\n";
			showEnvVarsInLog = 0;
		};
		C577C6E5C2F088EE5A3B63FF /* Copy Pods Resources */ = {
			isa = PBXShellScriptBuildPhase;
			buildActionMask = 2147483647;
			files = (
			);
			inputPaths = (
			);
			name = "Copy Pods Resources";
			outputPaths = (
			);
			runOnlyForDeploymentPostprocessing = 0;
			shellPath = /bin/sh;
			shellScript = "\"${SRCROOT}/Pods/Target Support Files/Pods-Progress/Pods-Progress-resources.sh\"\n";
			showEnvVarsInLog = 0;
		};
		E6BC1C3D3A267E173B02F330 /* Embed Pods Frameworks */ = {
			isa = PBXShellScriptBuildPhase;
			buildActionMask = 2147483647;
			files = (
			);
			inputPaths = (
			);
			name = "Embed Pods Frameworks";
			outputPaths = (
			);
			runOnlyForDeploymentPostprocessing = 0;
			shellPath = /bin/sh;
			shellScript = "\"${SRCROOT}/Pods/Target Support Files/Pods-Progress/Pods-Progress-frameworks.sh\"\n";
			showEnvVarsInLog = 0;
		};
/* End PBXShellScriptBuildPhase section */

/* Begin PBXSourcesBuildPhase section */
		969B22641C599A1000F5F471 /* Sources */ = {
			isa = PBXSourcesBuildPhase;
			buildActionMask = 2147483647;
			files = (
				969B226E1C599A1000F5F471 /* ViewController.swift in Sources */,
				9670369C1C5AF8EC00727888 /* WeightModel.swift in Sources */,
				962357EF1C5AECF600815811 /* HealthManager.swift in Sources */,
				969B226C1C599A1000F5F471 /* AppDelegate.swift in Sources */,
			);
			runOnlyForDeploymentPostprocessing = 0;
		};
/* End PBXSourcesBuildPhase section */

/* Begin PBXVariantGroup section */
		969B226F1C599A1000F5F471 /* Main.storyboard */ = {
			isa = PBXVariantGroup;
			children = (
				969B22701C599A1000F5F471 /* Base */,
			);
			name = Main.storyboard;
			sourceTree = "<group>";
		};
		969B22741C599A1000F5F471 /* LaunchScreen.storyboard */ = {
			isa = PBXVariantGroup;
			children = (
				969B22751C599A1000F5F471 /* Base */,
			);
			name = LaunchScreen.storyboard;
			sourceTree = "<group>";
		};
/* End PBXVariantGroup section */

/* Begin XCBuildConfiguration section */
		969B22781C599A1000F5F471 /* Debug */ = {
			isa = XCBuildConfiguration;
			buildSettings = {
				ALWAYS_SEARCH_USER_PATHS = NO;
				CLANG_CXX_LANGUAGE_STANDARD = "gnu++0x";
				CLANG_CXX_LIBRARY = "libc++";
				CLANG_ENABLE_MODULES = YES;
				CLANG_ENABLE_OBJC_ARC = YES;
				CLANG_WARN_BOOL_CONVERSION = YES;
				CLANG_WARN_CONSTANT_CONVERSION = YES;
				CLANG_WARN_DIRECT_OBJC_ISA_USAGE = YES_ERROR;
				CLANG_WARN_EMPTY_BODY = YES;
				CLANG_WARN_ENUM_CONVERSION = YES;
				CLANG_WARN_INT_CONVERSION = YES;
				CLANG_WARN_OBJC_ROOT_CLASS = YES_ERROR;
				CLANG_WARN_UNREACHABLE_CODE = YES;
				CLANG_WARN__DUPLICATE_METHOD_MATCH = YES;
				"CODE_SIGN_IDENTITY[sdk=iphoneos*]" = "iPhone Developer";
				COPY_PHASE_STRIP = NO;
				DEBUG_INFORMATION_FORMAT = dwarf;
				ENABLE_STRICT_OBJC_MSGSEND = YES;
				ENABLE_TESTABILITY = YES;
				GCC_C_LANGUAGE_STANDARD = gnu99;
				GCC_DYNAMIC_NO_PIC = NO;
				GCC_NO_COMMON_BLOCKS = YES;
				GCC_OPTIMIZATION_LEVEL = 0;
				GCC_PREPROCESSOR_DEFINITIONS = (
					"DEBUG=1",
					"$(inherited)",
				);
				GCC_WARN_64_TO_32_BIT_CONVERSION = YES;
				GCC_WARN_ABOUT_RETURN_TYPE = YES_ERROR;
				GCC_WARN_UNDECLARED_SELECTOR = YES;
				GCC_WARN_UNINITIALIZED_AUTOS = YES_AGGRESSIVE;
				GCC_WARN_UNUSED_FUNCTION = YES;
				GCC_WARN_UNUSED_VARIABLE = YES;
				IPHONEOS_DEPLOYMENT_TARGET = 9.2;
				MTL_ENABLE_DEBUG_INFO = YES;
				ONLY_ACTIVE_ARCH = YES;
				SDKROOT = iphoneos;
				SWIFT_OPTIMIZATION_LEVEL = "-Onone";
			};
			name = Debug;
		};
		969B22791C599A1000F5F471 /* Release */ = {
			isa = XCBuildConfiguration;
			buildSettings = {
				ALWAYS_SEARCH_USER_PATHS = NO;
				CLANG_CXX_LANGUAGE_STANDARD = "gnu++0x";
				CLANG_CXX_LIBRARY = "libc++";
				CLANG_ENABLE_MODULES = YES;
				CLANG_ENABLE_OBJC_ARC = YES;
				CLANG_WARN_BOOL_CONVERSION = YES;
				CLANG_WARN_CONSTANT_CONVERSION = YES;
				CLANG_WARN_DIRECT_OBJC_ISA_USAGE = YES_ERROR;
				CLANG_WARN_EMPTY_BODY = YES;
				CLANG_WARN_ENUM_CONVERSION = YES;
				CLANG_WARN_INT_CONVERSION = YES;
				CLANG_WARN_OBJC_ROOT_CLASS = YES_ERROR;
				CLANG_WARN_UNREACHABLE_CODE = YES;
				CLANG_WARN__DUPLICATE_METHOD_MATCH = YES;
				"CODE_SIGN_IDENTITY[sdk=iphoneos*]" = "iPhone Developer";
				COPY_PHASE_STRIP = NO;
				DEBUG_INFORMATION_FORMAT = "dwarf-with-dsym";
				ENABLE_NS_ASSERTIONS = NO;
				ENABLE_STRICT_OBJC_MSGSEND = YES;
				GCC_C_LANGUAGE_STANDARD = gnu99;
				GCC_NO_COMMON_BLOCKS = YES;
				GCC_WARN_64_TO_32_BIT_CONVERSION = YES;
				GCC_WARN_ABOUT_RETURN_TYPE = YES_ERROR;
				GCC_WARN_UNDECLARED_SELECTOR = YES;
				GCC_WARN_UNINITIALIZED_AUTOS = YES_AGGRESSIVE;
				GCC_WARN_UNUSED_FUNCTION = YES;
				GCC_WARN_UNUSED_VARIABLE = YES;
				IPHONEOS_DEPLOYMENT_TARGET = 9.2;
				MTL_ENABLE_DEBUG_INFO = NO;
				SDKROOT = iphoneos;
				VALIDATE_PRODUCT = YES;
			};
			name = Release;
		};
		969B227B1C599A1000F5F471 /* Debug */ = {
			isa = XCBuildConfiguration;
			baseConfigurationReference = C0D8FAA5FDEF54713FA54025 /* Pods-Progress.debug.xcconfig */;
			buildSettings = {
				ASSETCATALOG_COMPILER_APPICON_NAME = AppIcon;
				CODE_SIGN_IDENTITY = "iPhone Developer";
				INFOPLIST_FILE = Progress/Info.plist;
				LD_RUNPATH_SEARCH_PATHS = "$(inherited) @executable_path/Frameworks";
				PRODUCT_BUNDLE_IDENTIFIER = com.JYJApps.Progress;
				PRODUCT_NAME = "$(TARGET_NAME)";
				SWIFT_OBJC_BRIDGING_HEADER = "Progress/Progress-Bridging-Header.h";
			};
			name = Debug;
		};
		969B227C1C599A1000F5F471 /* Release */ = {
			isa = XCBuildConfiguration;
			baseConfigurationReference = 6B3D2B0DD880D3C177D313B9 /* Pods-Progress.release.xcconfig */;
			buildSettings = {
				ASSETCATALOG_COMPILER_APPICON_NAME = AppIcon;
				CODE_SIGN_IDENTITY = "iPhone Developer";
				INFOPLIST_FILE = Progress/Info.plist;
				LD_RUNPATH_SEARCH_PATHS = "$(inherited) @executable_path/Frameworks";
				PRODUCT_BUNDLE_IDENTIFIER = com.JYJApps.Progress;
				PRODUCT_NAME = "$(TARGET_NAME)";
				SWIFT_OBJC_BRIDGING_HEADER = "Progress/Progress-Bridging-Header.h";
			};
			name = Release;
		};
/* End XCBuildConfiguration section */

/* Begin XCConfigurationList section */
		969B22631C599A1000F5F471 /* Build configuration list for PBXProject "Progress" */ = {
			isa = XCConfigurationList;
			buildConfigurations = (
				969B22781C599A1000F5F471 /* Debug */,
				969B22791C599A1000F5F471 /* Release */,
			);
			defaultConfigurationIsVisible = 0;
			defaultConfigurationName = Release;
		};
		969B227A1C599A1000F5F471 /* Build configuration list for PBXNativeTarget "Progress" */ = {
			isa = XCConfigurationList;
			buildConfigurations = (
				969B227B1C599A1000F5F471 /* Debug */,
				969B227C1C599A1000F5F471 /* Release */,
			);
			defaultConfigurationIsVisible = 0;
			defaultConfigurationName = Release;
		};
/* End XCConfigurationList section */
	};
	rootObject = 969B22601C599A1000F5F471 /* Project object */;
}
